// !$*UTF8*$!
{
	archiveVersion = 1;
	classes = {
	};
	objectVersion = 46;
	objects = {

/* Begin PBXBuildFile section */
		6CD5AECD1B6BA6360029839D /* main.m in Sources */ = {isa = PBXBuildFile; fileRef = 6CD5AECC1B6BA6360029839D /* main.m */; };
		6CD5AED01B6BA6360029839D /* AppDelegate.m in Sources */ = {isa = PBXBuildFile; fileRef = 6CD5AECF1B6BA6360029839D /* AppDelegate.m */; };
		6CD5AED31B6BA6360029839D /* FirstViewController.m in Sources */ = {isa = PBXBuildFile; fileRef = 6CD5AED21B6BA6360029839D /* FirstViewController.m */; };
		6CD5AED61B6BA6360029839D /* SecondViewController.m in Sources */ = {isa = PBXBuildFile; fileRef = 6CD5AED51B6BA6360029839D /* SecondViewController.m */; };
		6CD5AED91B6BA6360029839D /* Main.storyboard in Resources */ = {isa = PBXBuildFile; fileRef = 6CD5AED71B6BA6360029839D /* Main.storyboard */; };
		6CD5AEDB1B6BA6360029839D /* Images.xcassets in Resources */ = {isa = PBXBuildFile; fileRef = 6CD5AEDA1B6BA6360029839D /* Images.xcassets */; };
		6CD5AEDE1B6BA6360029839D /* LaunchScreen.xib in Resources */ = {isa = PBXBuildFile; fileRef = 6CD5AEDC1B6BA6360029839D /* LaunchScreen.xib */; };
		6CD5AEEA1B6BA6360029839D /* QMKQTests.m in Sources */ = {isa = PBXBuildFile; fileRef = 6CD5AEE91B6BA6360029839D /* QMKQTests.m */; };
/* End PBXBuildFile section */

/* Begin PBXContainerItemProxy section */
		6CD5AEE41B6BA6360029839D /* PBXContainerItemProxy */ = {
			isa = PBXContainerItemProxy;
			containerPortal = 6CD5AEBF1B6BA6360029839D /* Project object */;
			proxyType = 1;
			remoteGlobalIDString = 6CD5AEC61B6BA6360029839D;
			remoteInfo = QMKQ;
		};
/* End PBXContainerItemProxy section */

/* Begin PBXFileReference section */
		6CD5AEC71B6BA6360029839D /* QMKQ.app */ = {isa = PBXFileReference; explicitFileType = wrapper.application; includeInIndex = 0; path = QMKQ.app; sourceTree = BUILT_PRODUCTS_DIR; };
		6CD5AECB1B6BA6360029839D /* Info.plist */ = {isa = PBXFileReference; lastKnownFileType = text.plist.xml; path = Info.plist; sourceTree = "<group>"; };
		6CD5AECC1B6BA6360029839D /* main.m */ = {isa = PBXFileReference; lastKnownFileType = sourcecode.c.objc; path = main.m; sourceTree = "<group>"; };
		6CD5AECE1B6BA6360029839D /* AppDelegate.h */ = {isa = PBXFileReference; lastKnownFileType = sourcecode.c.h; path = AppDelegate.h; sourceTree = "<group>"; };
		6CD5AECF1B6BA6360029839D /* AppDelegate.m */ = {isa = PBXFileReference; lastKnownFileType = sourcecode.c.objc; path = AppDelegate.m; sourceTree = "<group>"; };
		6CD5AED11B6BA6360029839D /* FirstViewController.h */ = {isa = PBXFileReference; lastKnownFileType = sourcecode.c.h; path = FirstViewController.h; sourceTree = "<group>"; };
		6CD5AED21B6BA6360029839D /* FirstViewController.m */ = {isa = PBXFileReference; lastKnownFileType = sourcecode.c.objc; path = FirstViewController.m; sourceTree = "<group>"; };
		6CD5AED41B6BA6360029839D /* SecondViewController.h */ = {isa = PBXFileReference; lastKnownFileType = sourcecode.c.h; path = SecondViewController.h; sourceTree = "<group>"; };
		6CD5AED51B6BA6360029839D /* SecondViewController.m */ = {isa = PBXFileReference; lastKnownFileType = sourcecode.c.objc; path = SecondViewController.m; sourceTree = "<group>"; };
		6CD5AED81B6BA6360029839D /* Base */ = {isa = PBXFileReference; lastKnownFileType = file.storyboard; name = Base; path = Base.lproj/Main.storyboard; sourceTree = "<group>"; };
		6CD5AEDA1B6BA6360029839D /* Images.xcassets */ = {isa = PBXFileReference; lastKnownFileType = folder.assetcatalog; path = Images.xcassets; sourceTree = "<group>"; };
		6CD5AEDD1B6BA6360029839D /* Base */ = {isa = PBXFileReference; lastKnownFileType = file.xib; name = Base; path = Base.lproj/LaunchScreen.xib; sourceTree = "<group>"; };
		6CD5AEE31B6BA6360029839D /* QMKQTests.xctest */ = {isa = PBXFileReference; explicitFileType = wrapper.cfbundle; includeInIndex = 0; path = QMKQTests.xctest; sourceTree = BUILT_PRODUCTS_DIR; };
		6CD5AEE81B6BA6360029839D /* Info.plist */ = {isa = PBXFileReference; lastKnownFileType = text.plist.xml; path = Info.plist; sourceTree = "<group>"; };
		6CD5AEE91B6BA6360029839D /* QMKQTests.m */ = {isa = PBXFileReference; lastKnownFileType = sourcecode.c.objc; path = QMKQTests.m; sourceTree = "<group>"; };
/* End PBXFileReference section */

/* Begin PBXFrameworksBuildPhase section */
		6CD5AEC41B6BA6360029839D /* Frameworks */ = {
			isa = PBXFrameworksBuildPhase;
			buildActionMask = 2147483647;
			files = (
			);
			runOnlyForDeploymentPostprocessing = 0;
		};
		6CD5AEE01B6BA6360029839D /* Frameworks */ = {
			isa = PBXFrameworksBuildPhase;
			buildActionMask = 2147483647;
			files = (
			);
			runOnlyForDeploymentPostprocessing = 0;
		};
/* End PBXFrameworksBuildPhase section */

/* Begin PBXGroup section */
		6CD5AEBE1B6BA6360029839D = {
			isa = PBXGroup;
			children = (
				6CD5AEC91B6BA6360029839D /* QMKQ */,
				6CD5AEE61B6BA6360029839D /* QMKQTests */,
				6CD5AEC81B6BA6360029839D /* Products */,
			);
			sourceTree = "<group>";
		};
		6CD5AEC81B6BA6360029839D /* Products */ = {
			isa = PBXGroup;
			children = (
				6CD5AEC71B6BA6360029839D /* QMKQ.app */,
				6CD5AEE31B6BA6360029839D /* QMKQTests.xctest */,
			);
			name = Products;
			sourceTree = "<group>";
		};
		6CD5AEC91B6BA6360029839D /* QMKQ */ = {
			isa = PBXGroup;
			children = (
				6CD5AECE1B6BA6360029839D /* AppDelegate.h */,
				6CD5AECF1B6BA6360029839D /* AppDelegate.m */,
				6CD5AED11B6BA6360029839D /* FirstViewController.h */,
				6CD5AED21B6BA6360029839D /* FirstViewController.m */,
				6CD5AED41B6BA6360029839D /* SecondViewController.h */,
				6CD5AED51B6BA6360029839D /* SecondViewController.m */,
				6CD5AED71B6BA6360029839D /* Main.storyboard */,
				6CD5AEDA1B6BA6360029839D /* Images.xcassets */,
				6CD5AEDC1B6BA6360029839D /* LaunchScreen.xib */,
				6CD5AECA1B6BA6360029839D /* Supporting Files */,
			);
			path = QMKQ;
			sourceTree = "<group>";
		};
		6CD5AECA1B6BA6360029839D /* Supporting Files */ = {
			isa = PBXGroup;
			children = (
				6CD5AECB1B6BA6360029839D /* Info.plist */,
				6CD5AECC1B6BA6360029839D /* main.m */,
			);
			name = "Supporting Files";
			sourceTree = "<group>";
		};
		6CD5AEE61B6BA6360029839D /* QMKQTests */ = {
			isa = PBXGroup;
			children = (
				6CD5AEE91B6BA6360029839D /* QMKQTests.m */,
				6CD5AEE71B6BA6360029839D /* Supporting Files */,
			);
			path = QMKQTests;
			sourceTree = "<group>";
		};
		6CD5AEE71B6BA6360029839D /* Supporting Files */ = {
			isa = PBXGroup;
			children = (
				6CD5AEE81B6BA6360029839D /* Info.plist */,
			);
			name = "Supporting Files";
			sourceTree = "<group>";
		};
/* End PBXGroup section */

/* Begin PBXNativeTarget section */
		6CD5AEC61B6BA6360029839D /* QMKQ */ = {
			isa = PBXNativeTarget;
			buildConfigurationList = 6CD5AEED1B6BA6360029839D /* Build configuration list for PBXNativeTarget "QMKQ" */;
			buildPhases = (
				6CD5AEC31B6BA6360029839D /* Sources */,
				6CD5AEC41B6BA6360029839D /* Frameworks */,
				6CD5AEC51B6BA6360029839D /* Resources */,
			);
			buildRules = (
			);
			dependencies = (
			);
			name = QMKQ;
			productName = QMKQ;
			productReference = 6CD5AEC71B6BA6360029839D /* QMKQ.app */;
			productType = "com.apple.product-type.application";
		};
		6CD5AEE21B6BA6360029839D /* QMKQTests */ = {
			isa = PBXNativeTarget;
			buildConfigurationList = 6CD5AEF01B6BA6360029839D /* Build configuration list for PBXNativeTarget "QMKQTests" */;
			buildPhases = (
				6CD5AEDF1B6BA6360029839D /* Sources */,
				6CD5AEE01B6BA6360029839D /* Frameworks */,
				6CD5AEE11B6BA6360029839D /* Resources */,
			);
			buildRules = (
			);
			dependencies = (
				6CD5AEE51B6BA6360029839D /* PBXTargetDependency */,
			);
			name = QMKQTests;
			productName = QMKQTests;
			productReference = 6CD5AEE31B6BA6360029839D /* QMKQTests.xctest */;
			productType = "com.apple.product-type.bundle.unit-test";
		};
/* End PBXNativeTarget section */

/* Begin PBXProject section */
		6CD5AEBF1B6BA6360029839D /* Project object */ = {
			isa = PBXProject;
			attributes = {
				LastUpgradeCheck = 0640;
				ORGANIZATIONNAME = skinner;
				TargetAttributes = {
					6CD5AEC61B6BA6360029839D = {
						CreatedOnToolsVersion = 6.4;
					};
					6CD5AEE21B6BA6360029839D = {
						CreatedOnToolsVersion = 6.4;
						TestTargetID = 6CD5AEC61B6BA6360029839D;
					};
				};
			};
			buildConfigurationList = 6CD5AEC21B6BA6360029839D /* Build configuration list for PBXProject "QMKQ" */;
			compatibilityVersion = "Xcode 3.2";
			developmentRegion = English;
			hasScannedForEncodings = 0;
			knownRegions = (
				en,
				Base,
			);
			mainGroup = 6CD5AEBE1B6BA6360029839D;
			productRefGroup = 6CD5AEC81B6BA6360029839D /* Products */;
			projectDirPath = "";
			projectRoot = "";
			targets = (
				6CD5AEC61B6BA6360029839D /* QMKQ */,
				6CD5AEE21B6BA6360029839D /* QMKQTests */,
			);
		};
/* End PBXProject section */

/* Begin PBXResourcesBuildPhase section */
		6CD5AEC51B6BA6360029839D /* Resources */ = {
			isa = PBXResourcesBuildPhase;
			buildActionMask = 2147483647;
			files = (
				6CD5AED91B6BA6360029839D /* Main.storyboard in Resources */,
				6CD5AEDE1B6BA6360029839D /* LaunchScreen.xib in Resources */,
				6CD5AEDB1B6BA6360029839D /* Images.xcassets in Resources */,
			);
			runOnlyForDeploymentPostprocessing = 0;
		};
		6CD5AEE11B6BA6360029839D /* Resources */ = {
			isa = PBXResourcesBuildPhase;
			buildActionMask = 2147483647;
			files = (
			);
			runOnlyForDeploymentPostprocessing = 0;
		};
/* End PBXResourcesBuildPhase section */

/* Begin PBXSourcesBuildPhase section */
		6CD5AEC31B6BA6360029839D /* Sources */ = {
			isa = PBXSourcesBuildPhase;
			buildActionMask = 2147483647;
			files = (
				6CD5AED61B6BA6360029839D /* SecondViewController.m in Sources */,
				6CD5AED01B6BA6360029839D /* AppDelegate.m in Sources */,
				6CD5AED31B6BA6360029839D /* FirstViewController.m in Sources */,
				6CD5AECD1B6BA6360029839D /* main.m in Sources */,
			);
			runOnlyForDeploymentPostprocessing = 0;
		};
		6CD5AEDF1B6BA6360029839D /* Sources */ = {
			isa = PBXSourcesBuildPhase;
			buildActionMask = 2147483647;
			files = (
				6CD5AEEA1B6BA6360029839D /* QMKQTests.m in Sources */,
			);
			runOnlyForDeploymentPostprocessing = 0;
		};
/* End PBXSourcesBuildPhase section */

/* Begin PBXTargetDependency section */
		6CD5AEE51B6BA6360029839D /* PBXTargetDependency */ = {
			isa = PBXTargetDependency;
			target = 6CD5AEC61B6BA6360029839D /* QMKQ */;
			targetProxy = 6CD5AEE41B6BA6360029839D /* PBXContainerItemProxy */;
		};
/* End PBXTargetDependency section */

/* Begin PBXVariantGroup section */
		6CD5AED71B6BA6360029839D /* Main.storyboard */ = {
			isa = PBXVariantGroup;
			children = (
				6CD5AED81B6BA6360029839D /* Base */,
			);
			name = Main.storyboard;
			sourceTree = "<group>";
		};
		6CD5AEDC1B6BA6360029839D /* LaunchScreen.xib */ = {
			isa = PBXVariantGroup;
			children = (
				6CD5AEDD1B6BA6360029839D /* Base */,
			);
			name = LaunchScreen.xib;
			sourceTree = "<group>";
		};
/* End PBXVariantGroup section */

/* Begin XCBuildConfiguration section */
		6CD5AEEB1B6BA6360029839D /* Debug */ = {
			isa = XCBuildConfiguration;
			buildSettings = {
				ALWAYS_SEARCH_USER_PATHS = NO;
				CLANG_CXX_LANGUAGE_STANDARD = "gnu++0x";
				CLANG_CXX_LIBRARY = "libc++";
				CLANG_ENABLE_MODULES = YES;
				CLANG_ENABLE_OBJC_ARC = YES;
				CLANG_WARN_BOOL_CONVERSION = YES;
				CLANG_WARN_CONSTANT_CONVERSION = YES;
				CLANG_WARN_DIRECT_OBJC_ISA_USAGE = YES_ERROR;
				CLANG_WARN_EMPTY_BODY = YES;
				CLANG_WARN_ENUM_CONVERSION = YES;
				CLANG_WARN_INT_CONVERSION = YES;
				CLANG_WARN_OBJC_ROOT_CLASS = YES_ERROR;
				CLANG_WARN_UNREACHABLE_CODE = YES;
				CLANG_WARN__DUPLICATE_METHOD_MATCH = YES;
				"CODE_SIGN_IDENTITY[sdk=iphoneos*]" = "iPhone Developer";
				COPY_PHASE_STRIP = NO;
				DEBUG_INFORMATION_FORMAT = "dwarf-with-dsym";
				ENABLE_STRICT_OBJC_MSGSEND = YES;
				GCC_C_LANGUAGE_STANDARD = gnu99;
				GCC_DYNAMIC_NO_PIC = NO;
				GCC_NO_COMMON_BLOCKS = YES;
				GCC_OPTIMIZATION_LEVEL = 0;
				GCC_PREPROCESSOR_DEFINITIONS = (
					"DEBUG=1",
					"$(inherited)",
				);
				GCC_SYMBOLS_PRIVATE_EXTERN = NO;
				GCC_WARN_64_TO_32_BIT_CONVERSION = YES;
				GCC_WARN_ABOUT_RETURN_TYPE = YES_ERROR;
				GCC_WARN_UNDECLARED_SELECTOR = YES;
				GCC_WARN_UNINITIALIZED_AUTOS = YES_AGGRESSIVE;
				GCC_WARN_UNUSED_FUNCTION = YES;
				GCC_WARN_UNUSED_VARIABLE = YES;
				IPHONEOS_DEPLOYMENT_TARGET = 8.4;
				MTL_ENABLE_DEBUG_INFO = YES;
				ONLY_ACTIVE_ARCH = YES;
				SDKROOT = iphoneos;
			};
			name = Debug;
		};
		6CD5AEEC1B6BA6360029839D /* Release */ = {
			isa = XCBuildConfiguration;
			buildSettings = {
				ALWAYS_SEARCH_USER_PATHS = NO;
				CLANG_CXX_LANGUAGE_STANDARD = "gnu++0x";
				CLANG_CXX_LIBRARY = "libc++";
				CLANG_ENABLE_MODULES = YES;
				CLANG_ENABLE_OBJC_ARC = YES;
				CLANG_WARN_BOOL_CONVERSION = YES;
				CLANG_WARN_CONSTANT_CONVERSION = YES;
				CLANG_WARN_DIRECT_OBJC_ISA_USAGE = YES_ERROR;
				CLANG_WARN_EMPTY_BODY = YES;
				CLANG_WARN_ENUM_CONVERSION = YES;
				CLANG_WARN_INT_CONVERSION = YES;
				CLANG_WARN_OBJC_ROOT_CLASS = YES_ERROR;
				CLANG_WARN_UNREACHABLE_CODE = YES;
				CLANG_WARN__DUPLICATE_METHOD_MATCH = YES;
				"CODE_SIGN_IDENTITY[sdk=iphoneos*]" = "iPhone Developer";
				COPY_PHASE_STRIP = NO;
				DEBUG_INFORMATION_FORMAT = "dwarf-with-dsym";
				ENABLE_NS_ASSERTIONS = NO;
				ENABLE_STRICT_OBJC_MSGSEND = YES;
				GCC_C_LANGUAGE_STANDARD = gnu99;
				GCC_NO_COMMON_BLOCKS = YES;
				GCC_WARN_64_TO_32_BIT_CONVERSION = YES;
				GCC_WARN_ABOUT_RETURN_TYPE = YES_ERROR;
				GCC_WARN_UNDECLARED_SELECTOR = YES;
				GCC_WARN_UNINITIALIZED_AUTOS = YES_AGGRESSIVE;
				GCC_WARN_UNUSED_FUNCTION = YES;
				GCC_WARN_UNUSED_VARIABLE = YES;
				IPHONEOS_DEPLOYMENT_TARGET = 8.4;
				MTL_ENABLE_DEBUG_INFO = NO;
				SDKROOT = iphoneos;
				VALIDATE_PRODUCT = YES;
			};
			name = Release;
		};
		6CD5AEEE1B6BA6360029839D /* Debug */ = {
			isa = XCBuildConfiguration;
			buildSettings = {
				ASSETCATALOG_COMPILER_APPICON_NAME = AppIcon;
				INFOPLIST_FILE = QMKQ/Info.plist;
				LD_RUNPATH_SEARCH_PATHS = "$(inherited) @executable_path/Frameworks";
				PRODUCT_NAME = "$(TARGET_NAME)";
			};
			name = Debug;
		};
		6CD5AEEF1B6BA6360029839D /* Release */ = {
			isa = XCBuildConfiguration;
			buildSettings = {
				ASSETCATALOG_COMPILER_APPICON_NAME = AppIcon;
				INFOPLIST_FILE = QMKQ/Info.plist;
				LD_RUNPATH_SEARCH_PATHS = "$(inherited) @executable_path/Frameworks";
				PRODUCT_NAME = "$(TARGET_NAME)";
			};
			name = Release;
		};
		6CD5AEF11B6BA6360029839D /* Debug */ = {
			isa = XCBuildConfiguration;
			buildSettings = {
				BUNDLE_LOADER = "$(TEST_HOST)";
				FRAMEWORK_SEARCH_PATHS = (
					"$(SDKROOT)/Developer/Library/Frameworks",
					"$(inherited)",
				);
				GCC_PREPROCESSOR_DEFINITIONS = (
					"DEBUG=1",
					"$(inherited)",
				);
				INFOPLIST_FILE = QMKQTests/Info.plist;
				LD_RUNPATH_SEARCH_PATHS = "$(inherited) @executable_path/Frameworks @loader_path/Frameworks";
				PRODUCT_NAME = "$(TARGET_NAME)";
				TEST_HOST = "$(BUILT_PRODUCTS_DIR)/QMKQ.app/QMKQ";
			};
			name = Debug;
		};
		6CD5AEF21B6BA6360029839D /* Release */ = {
			isa = XCBuildConfiguration;
			buildSettings = {
				BUNDLE_LOADER = "$(TEST_HOST)";
				FRAMEWORK_SEARCH_PATHS = (
					"$(SDKROOT)/Developer/Library/Frameworks",
					"$(inherited)",
				);
				INFOPLIST_FILE = QMKQTests/Info.plist;
				LD_RUNPATH_SEARCH_PATHS = "$(inherited) @executable_path/Frameworks @loader_path/Frameworks";
				PRODUCT_NAME = "$(TARGET_NAME)";
				TEST_HOST = "$(BUILT_PRODUCTS_DIR)/QMKQ.app/QMKQ";
			};
			name = Release;
		};
/* End XCBuildConfiguration section */

/* Begin XCConfigurationList section */
		6CD5AEC21B6BA6360029839D /* Build configuration list for PBXProject "QMKQ" */ = {
			isa = XCConfigurationList;
			buildConfigurations = (
				6CD5AEEB1B6BA6360029839D /* Debug */,
				6CD5AEEC1B6BA6360029839D /* Release */,
			);
			defaultConfigurationIsVisible = 0;
			defaultConfigurationName = Release;
		};
		6CD5AEED1B6BA6360029839D /* Build configuration list for PBXNativeTarget "QMKQ" */ = {
			isa = XCConfigurationList;
			buildConfigurations = (
				6CD5AEEE1B6BA6360029839D /* Debug */,
				6CD5AEEF1B6BA6360029839D /* Release */,
			);
			defaultConfigurationIsVisible = 0;
		};
		6CD5AEF01B6BA6360029839D /* Build configuration list for PBXNativeTarget "QMKQTests" */ = {
			isa = XCConfigurationList;
			buildConfigurations = (
				6CD5AEF11B6BA6360029839D /* Debug */,
				6CD5AEF21B6BA6360029839D /* Release */,
			);
			defaultConfigurationIsVisible = 0;
		};
/* End XCConfigurationList section */
	};
	rootObject = 6CD5AEBF1B6BA6360029839D /* Project object */;
}
